# This file is autogenerated, do not edit; changes may be undone by the next 'dep ensure'.


[[projects]]
  name = "github.com/Sirupsen/logrus"
  packages = ["."]
  revision = "c155da19408a8799da419ed3eeb0cb5db0ad5dbc"
  version = "v1.0.5"

[[projects]]
  name = "github.com/bitly/go-simplejson"
  packages = ["."]
  revision = "aabad6e819789e569bd6aabf444c935aa9ba1e44"
  version = "v0.5.0"

[[projects]]
  name = "github.com/eclipse/paho.mqtt.golang"
  packages = [
    ".",
    "packets"
  ]
  revision = "36d01c2b4cbeb3d2a12063e4880ce30800af9560"
  version = "v1.1.1"

[[projects]]
  name = "github.com/mattn/go-colorable"
  packages = ["."]
  revision = "167de6bfdfba052fa6b2d3664c8f5272e23c9072"
  version = "v0.0.9"

[[projects]]
  name = "github.com/mattn/go-isatty"
  packages = ["."]
  revision = "0360b2af4f38e8d38c7fce2a9f4e702702d73a39"
  version = "v0.0.3"

[[projects]]
  name = "github.com/urfave/cli"
  packages = ["."]
  revision = "cfb38830724cc34fedffe9a2a29fb54fa9169cd1"
  version = "v1.20.0"

[[projects]]
  branch = "master"
  name = "golang.org/x/crypto"
  packages = ["ssh/terminal"]
  revision = "a49355c7e3f8fe157a85be2f77e6e269a0f89602"

[[projects]]
  branch = "master"
  name = "golang.org/x/net"
  packages = [
    "internal/socks",
    "proxy",
    "websocket"
  ]
  revision = "32a936f46389aa10549d60bd7833e54b01685d09"

[[projects]]
  branch = "master"
  name = "golang.org/x/sys"
  packages = [
    "unix",
    "windows"
  ]
  revision = "3c6ecd8f22c6f40fbeec94c000a069d7d87c7624"

[solve-meta]
  analyzer-name = "dep"
  analyzer-version = 1
  inputs-digest = "93f25dec6686dd7cc9f3c37e4ba3b599e150e4d41817bc4f6d8a5ef5a450001e"
  solver-name = "gps-cdcl"
  solver-version = 1
